{
	"name": "webpack-template",
	"version": "0.0.1",
	"lockfileVersion": 1,
	"requires": true,
	"dependencies": {
		"gsap": {
			"version": "1.20.5",
			"resolved": "https://registry.npmjs.org/gsap/-/gsap-1.20.5.tgz",
			"integrity": "sha512-+BvkAzWC5SKGJGjt1I9ClgPI9G84C4vgjiZHRybCAjhDFJyq3xWrPyJXFve2Nn8L847H4Ru6kCABKLz5x0u/nA=="
		},
		"jquery": {
			"version": "3.3.1",
			"resolved": "https://registry.npmjs.org/jquery/-/jquery-3.3.1.tgz",
			"integrity": "sha512-Ubldcmxp5np52/ENotGxlLe6aGMvmF4R8S6tZjsP6Knsaxd/xp3Zrh50cG93lR6nPXyUFwzN3ZSOQI0wRJNdGg=="
		}
	}
}
